// !$*UTF8*$!
{
	archiveVersion = 1;
	classes = {
	};
	objectVersion = 77;
	objects = {

/* Begin PBXBuildFile section */
		950592FE2D635C2D002F45FC /* SnapshotTesting in Frameworks */ = {isa = PBXBuildFile; productRef = 950592FD2D635C2D002F45FC /* SnapshotTesting */; };
/* End PBXBuildFile section */

/* Begin PBXContainerItemProxy section */
		9532C7EA2D5D3C5400BF8BE3 /* PBXContainerItemProxy */ = {
			isa = PBXContainerItemProxy;
			containerPortal = 9532C7D12D5D3C5100BF8BE3 /* Project object */;
			proxyType = 1;
			remoteGlobalIDString = 9532C7D82D5D3C5100BF8BE3;
			remoteInfo = iAppsTask;
		};
		9532C7F42D5D3C5400BF8BE3 /* PBXContainerItemProxy */ = {
			isa = PBXContainerItemProxy;
			containerPortal = 9532C7D12D5D3C5100BF8BE3 /* Project object */;
			proxyType = 1;
			remoteGlobalIDString = 9532C7D82D5D3C5100BF8BE3;
			remoteInfo = iAppsTask;
		};
/* End PBXContainerItemProxy section */

/* Begin PBXFileReference section */
		950592FF2D635E26002F45FC /* iAppsTask.xctestplan */ = {isa = PBXFileReference; lastKnownFileType = text; path = iAppsTask.xctestplan; sourceTree = "<group>"; };
		9532C7D92D5D3C5100BF8BE3 /* iAppsTask.app */ = {isa = PBXFileReference; explicitFileType = wrapper.application; includeInIndex = 0; path = iAppsTask.app; sourceTree = BUILT_PRODUCTS_DIR; };
		9532C7E92D5D3C5400BF8BE3 /* iAppsTaskTests.xctest */ = {isa = PBXFileReference; explicitFileType = wrapper.cfbundle; includeInIndex = 0; path = iAppsTaskTests.xctest; sourceTree = BUILT_PRODUCTS_DIR; };
		9532C7F32D5D3C5400BF8BE3 /* iAppsTaskUITests.xctest */ = {isa = PBXFileReference; explicitFileType = wrapper.cfbundle; includeInIndex = 0; path = iAppsTaskUITests.xctest; sourceTree = BUILT_PRODUCTS_DIR; };
/* End PBXFileReference section */

/* Begin PBXFileSystemSynchronizedRootGroup section */
		9532C7DB2D5D3C5100BF8BE3 /* iAppsTask */ = {
			isa = PBXFileSystemSynchronizedRootGroup;
			path = iAppsTask;
			sourceTree = "<group>";
		};
		9532C7EC2D5D3C5400BF8BE3 /* iAppsTaskTests */ = {
			isa = PBXFileSystemSynchronizedRootGroup;
			path = iAppsTaskTests;
			sourceTree = "<group>";
		};
		9532C7F62D5D3C5400BF8BE3 /* iAppsTaskUITests */ = {
			isa = PBXFileSystemSynchronizedRootGroup;
			path = iAppsTaskUITests;
			sourceTree = "<group>";
		};
/* End PBXFileSystemSynchronizedRootGroup section */

/* Begin PBXFrameworksBuildPhase section */
		9532C7D62D5D3C5100BF8BE3 /* Frameworks */ = {
			isa = PBXFrameworksBuildPhase;
			buildActionMask = 2147483647;
			files = (
			);
			runOnlyForDeploymentPostprocessing = 0;
		};
		9532C7E62D5D3C5400BF8BE3 /* Frameworks */ = {
			isa = PBXFrameworksBuildPhase;
			buildActionMask = 2147483647;
			files = (
				950592FE2D635C2D002F45FC /* SnapshotTesting in Frameworks */,
			);
			runOnlyForDeploymentPostprocessing = 0;
		};
		9532C7F02D5D3C5400BF8BE3 /* Frameworks */ = {
			isa = PBXFrameworksBuildPhase;
			buildActionMask = 2147483647;
			files = (
			);
			runOnlyForDeploymentPostprocessing = 0;
		};
/* End PBXFrameworksBuildPhase section */

/* Begin PBXGroup section */
		950592492D6358FE002F45FC /* Frameworks */ = {
			isa = PBXGroup;
			children = (
			);
			name = Frameworks;
			sourceTree = "<group>";
		};
		9532C7D02D5D3C5100BF8BE3 = {
			isa = PBXGroup;
			children = (
				950592FF2D635E26002F45FC /* iAppsTask.xctestplan */,
				9532C7DB2D5D3C5100BF8BE3 /* iAppsTask */,
				9532C7F62D5D3C5400BF8BE3 /* iAppsTaskUITests */,
				950592492D6358FE002F45FC /* Frameworks */,
				9532C7DA2D5D3C5100BF8BE3 /* Products */,
				9532C7EC2D5D3C5400BF8BE3 /* iAppsTaskTests */,
			);
			sourceTree = "<group>";
		};
		9532C7DA2D5D3C5100BF8BE3 /* Products */ = {
			isa = PBXGroup;
			children = (
				9532C7D92D5D3C5100BF8BE3 /* iAppsTask.app */,
				9532C7E92D5D3C5400BF8BE3 /* iAppsTaskTests.xctest */,
				9532C7F32D5D3C5400BF8BE3 /* iAppsTaskUITests.xctest */,
			);
			name = Products;
			sourceTree = "<group>";
		};
/* End PBXGroup section */

/* Begin PBXNativeTarget section */
		9532C7D82D5D3C5100BF8BE3 /* iAppsTask */ = {
			isa = PBXNativeTarget;
			buildConfigurationList = 9532C7FD2D5D3C5400BF8BE3 /* Build configuration list for PBXNativeTarget "iAppsTask" */;
			buildPhases = (
				95803A502D62650A005924A3 /* ShellScript */,
				9532C7D52D5D3C5100BF8BE3 /* Sources */,
				9532C7D62D5D3C5100BF8BE3 /* Frameworks */,
				9532C7D72D5D3C5100BF8BE3 /* Resources */,
			);
			buildRules = (
			);
			dependencies = (
			);
			fileSystemSynchronizedGroups = (
				9532C7DB2D5D3C5100BF8BE3 /* iAppsTask */,
			);
			name = iAppsTask;
			packageProductDependencies = (
			);
			productName = iAppsTask;
			productReference = 9532C7D92D5D3C5100BF8BE3 /* iAppsTask.app */;
			productType = "com.apple.product-type.application";
		};
		9532C7E82D5D3C5400BF8BE3 /* iAppsTaskTests */ = {
			isa = PBXNativeTarget;
			buildConfigurationList = 9532C8002D5D3C5400BF8BE3 /* Build configuration list for PBXNativeTarget "iAppsTaskTests" */;
			buildPhases = (
				9532C7E52D5D3C5400BF8BE3 /* Sources */,
				9532C7E62D5D3C5400BF8BE3 /* Frameworks */,
				9532C7E72D5D3C5400BF8BE3 /* Resources */,
			);
			buildRules = (
			);
			dependencies = (
				9532C7EB2D5D3C5400BF8BE3 /* PBXTargetDependency */,
			);
			fileSystemSynchronizedGroups = (
				9532C7EC2D5D3C5400BF8BE3 /* iAppsTaskTests */,
			);
			name = iAppsTaskTests;
			packageProductDependencies = (
				950592FD2D635C2D002F45FC /* SnapshotTesting */,
			);
			productName = iAppsTaskTests;
			productReference = 9532C7E92D5D3C5400BF8BE3 /* iAppsTaskTests.xctest */;
			productType = "com.apple.product-type.bundle.unit-test";
		};
		9532C7F22D5D3C5400BF8BE3 /* iAppsTaskUITests */ = {
			isa = PBXNativeTarget;
			buildConfigurationList = 9532C8032D5D3C5400BF8BE3 /* Build configuration list for PBXNativeTarget "iAppsTaskUITests" */;
			buildPhases = (
				9532C7EF2D5D3C5400BF8BE3 /* Sources */,
				9532C7F02D5D3C5400BF8BE3 /* Frameworks */,
				9532C7F12D5D3C5400BF8BE3 /* Resources */,
			);
			buildRules = (
			);
			dependencies = (
				9532C7F52D5D3C5400BF8BE3 /* PBXTargetDependency */,
			);
			fileSystemSynchronizedGroups = (
				9532C7F62D5D3C5400BF8BE3 /* iAppsTaskUITests */,
			);
			name = iAppsTaskUITests;
			packageProductDependencies = (
			);
			productName = iAppsTaskUITests;
			productReference = 9532C7F32D5D3C5400BF8BE3 /* iAppsTaskUITests.xctest */;
			productType = "com.apple.product-type.bundle.ui-testing";
		};
/* End PBXNativeTarget section */

/* Begin PBXProject section */
		9532C7D12D5D3C5100BF8BE3 /* Project object */ = {
			isa = PBXProject;
			attributes = {
				BuildIndependentTargetsInParallel = 1;
				LastSwiftUpdateCheck = 1620;
				LastUpgradeCheck = 1620;
				TargetAttributes = {
					9532C7D82D5D3C5100BF8BE3 = {
						CreatedOnToolsVersion = 16.2;
					};
					9532C7E82D5D3C5400BF8BE3 = {
						CreatedOnToolsVersion = 16.2;
						TestTargetID = 9532C7D82D5D3C5100BF8BE3;
					};
					9532C7F22D5D3C5400BF8BE3 = {
						CreatedOnToolsVersion = 16.2;
						TestTargetID = 9532C7D82D5D3C5100BF8BE3;
					};
				};
			};
			buildConfigurationList = 9532C7D42D5D3C5100BF8BE3 /* Build configuration list for PBXProject "iAppsTask" */;
			developmentRegion = en;
			hasScannedForEncodings = 0;
			knownRegions = (
				en,
				Base,
			);
			mainGroup = 9532C7D02D5D3C5100BF8BE3;
			minimizedProjectReferenceProxies = 1;
			packageReferences = (
				950592352D63585D002F45FC /* XCRemoteSwiftPackageReference "swift-snapshot-testing" */,
			);
			preferredProjectObjectVersion = 77;
			productRefGroup = 9532C7DA2D5D3C5100BF8BE3 /* Products */;
			projectDirPath = "";
			projectRoot = "";
			targets = (
				9532C7D82D5D3C5100BF8BE3 /* iAppsTask */,
				9532C7E82D5D3C5400BF8BE3 /* iAppsTaskTests */,
				9532C7F22D5D3C5400BF8BE3 /* iAppsTaskUITests */,
			);
		};
/* End PBXProject section */

/* Begin PBXResourcesBuildPhase section */
		9532C7D72D5D3C5100BF8BE3 /* Resources */ = {
			isa = PBXResourcesBuildPhase;
			buildActionMask = 2147483647;
			files = (
			);
			runOnlyForDeploymentPostprocessing = 0;
		};
		9532C7E72D5D3C5400BF8BE3 /* Resources */ = {
			isa = PBXResourcesBuildPhase;
			buildActionMask = 2147483647;
			files = (
			);
			runOnlyForDeploymentPostprocessing = 0;
		};
		9532C7F12D5D3C5400BF8BE3 /* Resources */ = {
			isa = PBXResourcesBuildPhase;
			buildActionMask = 2147483647;
			files = (
			);
			runOnlyForDeploymentPostprocessing = 0;
		};
/* End PBXResourcesBuildPhase section */

/* Begin PBXShellScriptBuildPhase section */
		95803A502D62650A005924A3 /* ShellScript */ = {
			isa = PBXShellScriptBuildPhase;
			buildActionMask = 2147483647;
			files = (
			);
			inputFileListPaths = (
			);
			inputPaths = (
			);
			outputFileListPaths = (
			);
			outputPaths = (
			);
			runOnlyForDeploymentPostprocessing = 0;
			shellPath = /bin/sh;
			shellScript = "# Check if running Xcode Cloud\nif [[ -z \"$CI\" ]]; then\n    if [[ \"$(uname -m)\" == arm64 ]]; then\n        export PATH=\"/opt/homebrew/bin:$PATH\"\n    fi\n\n    # Check if running in a SwiftUI preview\n    if [ \"$XCODE_RUNNING_FOR_PREVIEWS\" != \"1\" ]; then\n        if which swiftlint > /dev/null; then\n            swiftlint # Uncomment if you want to auto-fix: swiftlint --fix &&\n        else\n            echo \"warning: SwiftLint not installed, download from https://github.com/realm/SwiftLint\"\n        fi\n    fi\nelse \n    # Running Xcode Cloud\n    echo \"Running in Xcode Cloud. Skipping SwiftLint.\"\nfi\n";
		};
/* End PBXShellScriptBuildPhase section */

/* Begin PBXSourcesBuildPhase section */
		9532C7D52D5D3C5100BF8BE3 /* Sources */ = {
			isa = PBXSourcesBuildPhase;
			buildActionMask = 2147483647;
			files = (
			);
			runOnlyForDeploymentPostprocessing = 0;
		};
		9532C7E52D5D3C5400BF8BE3 /* Sources */ = {
			isa = PBXSourcesBuildPhase;
			buildActionMask = 2147483647;
			files = (
			);
			runOnlyForDeploymentPostprocessing = 0;
		};
		9532C7EF2D5D3C5400BF8BE3 /* Sources */ = {
			isa = PBXSourcesBuildPhase;
			buildActionMask = 2147483647;
			files = (
			);
			runOnlyForDeploymentPostprocessing = 0;
		};
/* End PBXSourcesBuildPhase section */

/* Begin PBXTargetDependency section */
		9532C7EB2D5D3C5400BF8BE3 /* PBXTargetDependency */ = {
			isa = PBXTargetDependency;
			target = 9532C7D82D5D3C5100BF8BE3 /* iAppsTask */;
			targetProxy = 9532C7EA2D5D3C5400BF8BE3 /* PBXContainerItemProxy */;
		};
		9532C7F52D5D3C5400BF8BE3 /* PBXTargetDependency */ = {
			isa = PBXTargetDependency;
			target = 9532C7D82D5D3C5100BF8BE3 /* iAppsTask */;
			targetProxy = 9532C7F42D5D3C5400BF8BE3 /* PBXContainerItemProxy */;
		};
/* End PBXTargetDependency section */

/* Begin XCBuildConfiguration section */
		9532C7FB2D5D3C5400BF8BE3 /* Debug */ = {
			isa = XCBuildConfiguration;
			buildSettings = {
				ALWAYS_SEARCH_USER_PATHS = NO;
				ASSETCATALOG_COMPILER_GENERATE_SWIFT_ASSET_SYMBOL_EXTENSIONS = YES;
				CLANG_ANALYZER_NONNULL = YES;
				CLANG_ANALYZER_NUMBER_OBJECT_CONVERSION = YES_AGGRESSIVE;
				CLANG_CXX_LANGUAGE_STANDARD = "gnu++20";
				CLANG_ENABLE_MODULES = YES;
				CLANG_ENABLE_OBJC_ARC = YES;
				CLANG_ENABLE_OBJC_WEAK = YES;
				CLANG_WARN_BLOCK_CAPTURE_AUTORELEASING = YES;
				CLANG_WARN_BOOL_CONVERSION = YES;
				CLANG_WARN_COMMA = YES;
				CLANG_WARN_CONSTANT_CONVERSION = YES;
				CLANG_WARN_DEPRECATED_OBJC_IMPLEMENTATIONS = YES;
				CLANG_WARN_DIRECT_OBJC_ISA_USAGE = YES_ERROR;
				CLANG_WARN_DOCUMENTATION_COMMENTS = YES;
				CLANG_WARN_EMPTY_BODY = YES;
				CLANG_WARN_ENUM_CONVERSION = YES;
				CLANG_WARN_INFINITE_RECURSION = YES;
				CLANG_WARN_INT_CONVERSION = YES;
				CLANG_WARN_NON_LITERAL_NULL_CONVERSION = YES;
				CLANG_WARN_OBJC_IMPLICIT_RETAIN_SELF = YES;
				CLANG_WARN_OBJC_LITERAL_CONVERSION = YES;
				CLANG_WARN_OBJC_ROOT_CLASS = YES_ERROR;
				CLANG_WARN_QUOTED_INCLUDE_IN_FRAMEWORK_HEADER = YES;
				CLANG_WARN_RANGE_LOOP_ANALYSIS = YES;
				CLANG_WARN_STRICT_PROTOTYPES = YES;
				CLANG_WARN_SUSPICIOUS_MOVE = YES;
				CLANG_WARN_UNGUARDED_AVAILABILITY = YES_AGGRESSIVE;
				CLANG_WARN_UNREACHABLE_CODE = YES;
				CLANG_WARN__DUPLICATE_METHOD_MATCH = YES;
				COPY_PHASE_STRIP = NO;
				DEBUG_INFORMATION_FORMAT = dwarf;
				ENABLE_STRICT_OBJC_MSGSEND = YES;
				ENABLE_TESTABILITY = YES;
				ENABLE_USER_SCRIPT_SANDBOXING = NO;
				GCC_C_LANGUAGE_STANDARD = gnu17;
				GCC_DYNAMIC_NO_PIC = NO;
				GCC_NO_COMMON_BLOCKS = YES;
				GCC_OPTIMIZATION_LEVEL = 0;
				GCC_PREPROCESSOR_DEFINITIONS = (
					"DEBUG=1",
					"$(inherited)",
				);
				GCC_WARN_64_TO_32_BIT_CONVERSION = YES;
				GCC_WARN_ABOUT_RETURN_TYPE = YES_ERROR;
				GCC_WARN_UNDECLARED_SELECTOR = YES;
				GCC_WARN_UNINITIALIZED_AUTOS = YES_AGGRESSIVE;
				GCC_WARN_UNUSED_FUNCTION = YES;
				GCC_WARN_UNUSED_VARIABLE = YES;
				IPHONEOS_DEPLOYMENT_TARGET = 18.2;
				LOCALIZATION_PREFERS_STRING_CATALOGS = YES;
				MTL_ENABLE_DEBUG_INFO = INCLUDE_SOURCE;
				MTL_FAST_MATH = YES;
				ONLY_ACTIVE_ARCH = YES;
				SDKROOT = iphoneos;
				SWIFT_ACTIVE_COMPILATION_CONDITIONS = "DEBUG $(inherited)";
				SWIFT_OPTIMIZATION_LEVEL = "-Onone";
			};
			name = Debug;
		};
		9532C7FC2D5D3C5400BF8BE3 /* Release */ = {
			isa = XCBuildConfiguration;
			buildSettings = {
				ALWAYS_SEARCH_USER_PATHS = NO;
				ASSETCATALOG_COMPILER_GENERATE_SWIFT_ASSET_SYMBOL_EXTENSIONS = YES;
				CLANG_ANALYZER_NONNULL = YES;
				CLANG_ANALYZER_NUMBER_OBJECT_CONVERSION = YES_AGGRESSIVE;
				CLANG_CXX_LANGUAGE_STANDARD = "gnu++20";
				CLANG_ENABLE_MODULES = YES;
				CLANG_ENABLE_OBJC_ARC = YES;
				CLANG_ENABLE_OBJC_WEAK = YES;
				CLANG_WARN_BLOCK_CAPTURE_AUTORELEASING = YES;
				CLANG_WARN_BOOL_CONVERSION = YES;
				CLANG_WARN_COMMA = YES;
				CLANG_WARN_CONSTANT_CONVERSION = YES;
				CLANG_WARN_DEPRECATED_OBJC_IMPLEMENTATIONS = YES;
				CLANG_WARN_DIRECT_OBJC_ISA_USAGE = YES_ERROR;
				CLANG_WARN_DOCUMENTATION_COMMENTS = YES;
				CLANG_WARN_EMPTY_BODY = YES;
				CLANG_WARN_ENUM_CONVERSION = YES;
				CLANG_WARN_INFINITE_RECURSION = YES;
				CLANG_WARN_INT_CONVERSION = YES;
				CLANG_WARN_NON_LITERAL_NULL_CONVERSION = YES;
				CLANG_WARN_OBJC_IMPLICIT_RETAIN_SELF = YES;
				CLANG_WARN_OBJC_LITERAL_CONVERSION = YES;
				CLANG_WARN_OBJC_ROOT_CLASS = YES_ERROR;
				CLANG_WARN_QUOTED_INCLUDE_IN_FRAMEWORK_HEADER = YES;
				CLANG_WARN_RANGE_LOOP_ANALYSIS = YES;
				CLANG_WARN_STRICT_PROTOTYPES = YES;
				CLANG_WARN_SUSPICIOUS_MOVE = YES;
				CLANG_WARN_UNGUARDED_AVAILABILITY = YES_AGGRESSIVE;
				CLANG_WARN_UNREACHABLE_CODE = YES;
				CLANG_WARN__DUPLICATE_METHOD_MATCH = YES;
				COPY_PHASE_STRIP = NO;
				DEBUG_INFORMATION_FORMAT = "dwarf-with-dsym";
				ENABLE_NS_ASSERTIONS = NO;
				ENABLE_STRICT_OBJC_MSGSEND = YES;
				ENABLE_USER_SCRIPT_SANDBOXING = NO;
				GCC_C_LANGUAGE_STANDARD = gnu17;
				GCC_NO_COMMON_BLOCKS = YES;
				GCC_WARN_64_TO_32_BIT_CONVERSION = YES;
				GCC_WARN_ABOUT_RETURN_TYPE = YES_ERROR;
				GCC_WARN_UNDECLARED_SELECTOR = YES;
				GCC_WARN_UNINITIALIZED_AUTOS = YES_AGGRESSIVE;
				GCC_WARN_UNUSED_FUNCTION = YES;
				GCC_WARN_UNUSED_VARIABLE = YES;
				IPHONEOS_DEPLOYMENT_TARGET = 18.2;
				LOCALIZATION_PREFERS_STRING_CATALOGS = YES;
				MTL_ENABLE_DEBUG_INFO = NO;
				MTL_FAST_MATH = YES;
				SDKROOT = iphoneos;
				SWIFT_COMPILATION_MODE = wholemodule;
				VALIDATE_PRODUCT = YES;
			};
			name = Release;
		};
		9532C7FE2D5D3C5400BF8BE3 /* Debug */ = {
			isa = XCBuildConfiguration;
			buildSettings = {
				ASSETCATALOG_COMPILER_APPICON_NAME = AppIcon;
				ASSETCATALOG_COMPILER_GLOBAL_ACCENT_COLOR_NAME = AccentColor;
				CODE_SIGN_STYLE = Automatic;
				CURRENT_PROJECT_VERSION = 1;
				DEVELOPMENT_ASSET_PATHS = "\"iAppsTask/Preview Content\"";
				DEVELOPMENT_TEAM = 74925668M8;
				ENABLE_PREVIEWS = YES;
				GENERATE_INFOPLIST_FILE = YES;
				INFOPLIST_KEY_UIApplicationSceneManifest_Generation = YES;
				INFOPLIST_KEY_UIApplicationSupportsIndirectInputEvents = YES;
				INFOPLIST_KEY_UILaunchScreen_Generation = YES;
				INFOPLIST_KEY_UISupportedInterfaceOrientations_iPad = "UIInterfaceOrientationPortrait UIInterfaceOrientationPortraitUpsideDown UIInterfaceOrientationLandscapeLeft UIInterfaceOrientationLandscapeRight";
				INFOPLIST_KEY_UISupportedInterfaceOrientations_iPhone = "UIInterfaceOrientationPortrait UIInterfaceOrientationLandscapeLeft UIInterfaceOrientationLandscapeRight";
				LD_RUNPATH_SEARCH_PATHS = (
					"$(inherited)",
					"@executable_path/Frameworks",
				);
				MARKETING_VERSION = 1.0;
				PRODUCT_BUNDLE_IDENTIFIER = com.krzysztoflema.iAppsTask;
				PRODUCT_NAME = "$(TARGET_NAME)";
				SWIFT_EMIT_LOC_STRINGS = YES;
				SWIFT_VERSION = 5.0;
				TARGETED_DEVICE_FAMILY = "1,2";
			};
			name = Debug;
		};
		9532C7FF2D5D3C5400BF8BE3 /* Release */ = {
			isa = XCBuildConfiguration;
			buildSettings = {
				ASSETCATALOG_COMPILER_APPICON_NAME = AppIcon;
				ASSETCATALOG_COMPILER_GLOBAL_ACCENT_COLOR_NAME = AccentColor;
				CODE_SIGN_STYLE = Automatic;
				CURRENT_PROJECT_VERSION = 1;
				DEVELOPMENT_ASSET_PATHS = "\"iAppsTask/Preview Content\"";
				DEVELOPMENT_TEAM = 74925668M8;
				ENABLE_PREVIEWS = YES;
				GENERATE_INFOPLIST_FILE = YES;
				INFOPLIST_KEY_UIApplicationSceneManifest_Generation = YES;
				INFOPLIST_KEY_UIApplicationSupportsIndirectInputEvents = YES;
				INFOPLIST_KEY_UILaunchScreen_Generation = YES;
				INFOPLIST_KEY_UISupportedInterfaceOrientations_iPad = "UIInterfaceOrientationPortrait UIInterfaceOrientationPortraitUpsideDown UIInterfaceOrientationLandscapeLeft UIInterfaceOrientationLandscapeRight";
				INFOPLIST_KEY_UISupportedInterfaceOrientations_iPhone = "UIInterfaceOrientationPortrait UIInterfaceOrientationLandscapeLeft UIInterfaceOrientationLandscapeRight";
				LD_RUNPATH_SEARCH_PATHS = (
					"$(inherited)",
					"@executable_path/Frameworks",
				);
				MARKETING_VERSION = 1.0;
				PRODUCT_BUNDLE_IDENTIFIER = com.krzysztoflema.iAppsTask;
				PRODUCT_NAME = "$(TARGET_NAME)";
				SWIFT_EMIT_LOC_STRINGS = YES;
				SWIFT_VERSION = 5.0;
				TARGETED_DEVICE_FAMILY = "1,2";
			};
			name = Release;
		};
		9532C8012D5D3C5400BF8BE3 /* Debug */ = {
			isa = XCBuildConfiguration;
			buildSettings = {
				BUNDLE_LOADER = "$(TEST_HOST)";
				CODE_SIGN_STYLE = Automatic;
				CURRENT_PROJECT_VERSION = 1;
				DEVELOPMENT_TEAM = 74925668M8;
				GENERATE_INFOPLIST_FILE = YES;
				IPHONEOS_DEPLOYMENT_TARGET = 18.2;
				MARKETING_VERSION = 1.0;
				PRODUCT_BUNDLE_IDENTIFIER = com.krzysztoflema.iAppsTaskTests;
				PRODUCT_NAME = "$(TARGET_NAME)";
				SWIFT_EMIT_LOC_STRINGS = NO;
				SWIFT_VERSION = 5.0;
				TARGETED_DEVICE_FAMILY = "1,2";
				TEST_HOST = "$(BUILT_PRODUCTS_DIR)/iAppsTask.app/$(BUNDLE_EXECUTABLE_FOLDER_PATH)/iAppsTask";
			};
			name = Debug;
		};
		9532C8022D5D3C5400BF8BE3 /* Release */ = {
			isa = XCBuildConfiguration;
			buildSettings = {
				BUNDLE_LOADER = "$(TEST_HOST)";
				CODE_SIGN_STYLE = Automatic;
				CURRENT_PROJECT_VERSION = 1;
				DEVELOPMENT_TEAM = 74925668M8;
				GENERATE_INFOPLIST_FILE = YES;
				IPHONEOS_DEPLOYMENT_TARGET = 18.2;
				MARKETING_VERSION = 1.0;
				PRODUCT_BUNDLE_IDENTIFIER = com.krzysztoflema.iAppsTaskTests;
				PRODUCT_NAME = "$(TARGET_NAME)";
				SWIFT_EMIT_LOC_STRINGS = NO;
				SWIFT_VERSION = 5.0;
				TARGETED_DEVICE_FAMILY = "1,2";
				TEST_HOST = "$(BUILT_PRODUCTS_DIR)/iAppsTask.app/$(BUNDLE_EXECUTABLE_FOLDER_PATH)/iAppsTask";
			};
			name = Release;
		};
		9532C8042D5D3C5400BF8BE3 /* Debug */ = {
			isa = XCBuildConfiguration;
			buildSettings = {
				CODE_SIGN_STYLE = Automatic;
				CURRENT_PROJECT_VERSION = 1;
				DEVELOPMENT_TEAM = 74925668M8;
				GENERATE_INFOPLIST_FILE = YES;
				MARKETING_VERSION = 1.0;
				PRODUCT_BUNDLE_IDENTIFIER = com.krzysztoflema.iAppsTaskUITests;
				PRODUCT_NAME = "$(TARGET_NAME)";
				SWIFT_EMIT_LOC_STRINGS = NO;
				SWIFT_VERSION = 5.0;
				TARGETED_DEVICE_FAMILY = "1,2";
				TEST_TARGET_NAME = iAppsTask;
			};
			name = Debug;
		};
		9532C8052D5D3C5400BF8BE3 /* Release */ = {
			isa = XCBuildConfiguration;
			buildSettings = {
				CODE_SIGN_STYLE = Automatic;
				CURRENT_PROJECT_VERSION = 1;
				DEVELOPMENT_TEAM = 74925668M8;
				GENERATE_INFOPLIST_FILE = YES;
				MARKETING_VERSION = 1.0;
				PRODUCT_BUNDLE_IDENTIFIER = com.krzysztoflema.iAppsTaskUITests;
				PRODUCT_NAME = "$(TARGET_NAME)";
				SWIFT_EMIT_LOC_STRINGS = NO;
				SWIFT_VERSION = 5.0;
				TARGETED_DEVICE_FAMILY = "1,2";
				TEST_TARGET_NAME = iAppsTask;
			};
			name = Release;
		};
/* End XCBuildConfiguration section */

/* Begin XCConfigurationList section */
		9532C7D42D5D3C5100BF8BE3 /* Build configuration list for PBXProject "iAppsTask" */ = {
			isa = XCConfigurationList;
			buildConfigurations = (
				9532C7FB2D5D3C5400BF8BE3 /* Debug */,
				9532C7FC2D5D3C5400BF8BE3 /* Release */,
			);
			defaultConfigurationIsVisible = 0;
			defaultConfigurationName = Release;
		};
		9532C7FD2D5D3C5400BF8BE3 /* Build configuration list for PBXNativeTarget "iAppsTask" */ = {
			isa = XCConfigurationList;
			buildConfigurations = (
				9532C7FE2D5D3C5400BF8BE3 /* Debug */,
				9532C7FF2D5D3C5400BF8BE3 /* Release */,
			);
			defaultConfigurationIsVisible = 0;
			defaultConfigurationName = Release;
		};
		9532C8002D5D3C5400BF8BE3 /* Build configuration list for PBXNativeTarget "iAppsTaskTests" */ = {
			isa = XCConfigurationList;
			buildConfigurations = (
				9532C8012D5D3C5400BF8BE3 /* Debug */,
				9532C8022D5D3C5400BF8BE3 /* Release */,
			);
			defaultConfigurationIsVisible = 0;
			defaultConfigurationName = Release;
		};
		9532C8032D5D3C5400BF8BE3 /* Build configuration list for PBXNativeTarget "iAppsTaskUITests" */ = {
			isa = XCConfigurationList;
			buildConfigurations = (
				9532C8042D5D3C5400BF8BE3 /* Debug */,
				9532C8052D5D3C5400BF8BE3 /* Release */,
			);
			defaultConfigurationIsVisible = 0;
			defaultConfigurationName = Release;
		};
/* End XCConfigurationList section */

/* Begin XCRemoteSwiftPackageReference section */
		950592352D63585D002F45FC /* XCRemoteSwiftPackageReference "swift-snapshot-testing" */ = {
			isa = XCRemoteSwiftPackageReference;
			repositoryURL = "https://github.com/pointfreeco/swift-snapshot-testing";
			requirement = {
				kind = upToNextMajorVersion;
				minimumVersion = 1.18.0;
			};
		};
/* End XCRemoteSwiftPackageReference section */

/* Begin XCSwiftPackageProductDependency section */
		950592FD2D635C2D002F45FC /* SnapshotTesting */ = {
			isa = XCSwiftPackageProductDependency;
			package = 950592352D63585D002F45FC /* XCRemoteSwiftPackageReference "swift-snapshot-testing" */;
			productName = SnapshotTesting;
		};
/* End XCSwiftPackageProductDependency section */
	};
	rootObject = 9532C7D12D5D3C5100BF8BE3 /* Project object */;
}
